
Microsoft Visual Studio Solution File, Format Version 12.00
# Visual Studio Version 16
VisualStudioVersion = 16.0.32929.386
MinimumVisualStudioVersion = 10.0.40219.1
Project("{D2ABAB84-BF74-430A-B69E-9DC6D40DDA17}") = "MultidimensionalProject1", "MultidimensionalProject1\MultidimensionalProject1.dwproj", "{3FA4C2E7-0532-4802-8B29-CCAAE8DFA4B1}"
EndProject
Global
	GlobalSection(SolutionConfigurationPlatforms) = preSolution
		Development|Default = Development|Default
	EndGlobalSection
	GlobalSection(ProjectConfigurationPlatforms) = postSolution
		{3FA4C2E7-0532-4802-8B29-CCAAE8DFA4B1}.Development|Default.ActiveCfg = Development
		{3FA4C2E7-0532-4802-8B29-CCAAE8DFA4B1}.Development|Default.Build.0 = Development
		{3FA4C2E7-0532-4802-8B29-CCAAE8DFA4B1}.Development|Default.Deploy.0 = Development
	EndGlobalSection
	GlobalSection(SolutionProperties) = preSolution
		HideSolutionNode = FALSE
	EndGlobalSection
	GlobalSection(ExtensibilityGlobals) = postSolution
		SolutionGuid = {44105C74-31B7-4DEC-8E54-14BEBEFFA57A}
	EndGlobalSection
EndGlobal
